
Microsoft Visual Studio Solution File, Format Version 12.00
# Visual Studio Version 17
VisualStudioVersion = 17.5.002.0
MinimumVisualStudioVersion = 10.0.40219.1
Project("{9A19103F-16F7-4668-BE54-9A1E7A4F7556}") = "Module2Challenge", "Module2Challenge\Module2Challenge.csproj", "{C746A85D-EE1E-4F34-A35B-AD1BE3901E90}"
EndProject
Global
	GlobalSection(SolutionConfigurationPlatforms) = preSolution
		Debug|Any CPU = Debug|Any CPU
		Release|Any CPU = Release|Any CPU
	EndGlobalSection
	GlobalSection(ProjectConfigurationPlatforms) = postSolution
		{C746A85D-EE1E-4F34-A35B-AD1BE3901E90}.Debug|Any CPU.ActiveCfg = Debug|Any CPU
		{C746A85D-EE1E-4F34-A35B-AD1BE3901E90}.Debug|Any CPU.Build.0 = Debug|Any CPU
		{C746A85D-EE1E-4F34-A35B-AD1BE3901E90}.Release|Any CPU.ActiveCfg = Release|Any CPU
		{C746A85D-EE1E-4F34-A35B-AD1BE3901E90}.Release|Any CPU.Build.0 = Release|Any CPU
	EndGlobalSection
	GlobalSection(SolutionProperties) = preSolution
		HideSolutionNode = FALSE
	EndGlobalSection
	GlobalSection(ExtensibilityGlobals) = postSolution
		SolutionGuid = {2BF7B31E-A81F-4323-955C-93F65AB04BAF}
	EndGlobalSection
EndGlobal
